
Microsoft Visual Studio Solution File, Format Version 12.00
# Visual Studio 2015
Project("{FAE04EC0-301F-11D3-BF4B-00C04F79EFBC}") = "xiuxian.Plugins", "xiuxian.Plugins.csproj", "{7A0B412D-63E7-07CA-63F9-2EC12E70BA4E}"
EndProject
Project("{FAE04EC0-301F-11D3-BF4B-00C04F79EFBC}") = "xiuxian", "xiuxian.csproj", "{820A7E75-C872-1EDA-7644-97B6273992B2}"
EndProject
Project("{FAE04EC0-301F-11D3-BF4B-00C04F79EFBC}") = "xiuxian.Editor.Plugins", "xiuxian.Editor.Plugins.csproj", "{60F308CA-0491-908C-B909-B5D534043EF7}"
EndProject
Global
	GlobalSection(SolutionConfigurationPlatforms) = preSolution
		Debug|Any CPU = Debug|Any CPU
		Release|Any CPU = Release|Any CPU
	EndGlobalSection
	GlobalSection(ProjectConfigurationPlatforms) = postSolution
		{7A0B412D-63E7-07CA-63F9-2EC12E70BA4E}.Debug|Any CPU.ActiveCfg = Debug|Any CPU
		{7A0B412D-63E7-07CA-63F9-2EC12E70BA4E}.Debug|Any CPU.Build.0 = Debug|Any CPU
		{7A0B412D-63E7-07CA-63F9-2EC12E70BA4E}.Release|Any CPU.ActiveCfg = Release|Any CPU
		{7A0B412D-63E7-07CA-63F9-2EC12E70BA4E}.Release|Any CPU.Build.0 = Release|Any CPU
		{820A7E75-C872-1EDA-7644-97B6273992B2}.Debug|Any CPU.ActiveCfg = Debug|Any CPU
		{820A7E75-C872-1EDA-7644-97B6273992B2}.Debug|Any CPU.Build.0 = Debug|Any CPU
		{820A7E75-C872-1EDA-7644-97B6273992B2}.Release|Any CPU.ActiveCfg = Release|Any CPU
		{820A7E75-C872-1EDA-7644-97B6273992B2}.Release|Any CPU.Build.0 = Release|Any CPU
		{60F308CA-0491-908C-B909-B5D534043EF7}.Debug|Any CPU.ActiveCfg = Debug|Any CPU
		{60F308CA-0491-908C-B909-B5D534043EF7}.Debug|Any CPU.Build.0 = Debug|Any CPU
		{60F308CA-0491-908C-B909-B5D534043EF7}.Release|Any CPU.ActiveCfg = Release|Any CPU
		{60F308CA-0491-908C-B909-B5D534043EF7}.Release|Any CPU.Build.0 = Release|Any CPU
	EndGlobalSection
	GlobalSection(SolutionProperties) = preSolution
		HideSolutionNode = FALSE
	EndGlobalSection
EndGlobal
